
Microsoft Visual Studio Solution File, Format Version 12.00
# Visual Studio 15
Project("{FAE04EC0-301F-11D3-BF4B-00C04F79EFBC}") = "Assembly-CSharp", "Assembly-CSharp.csproj", "{E4E70163-31D5-41AC-F53A-6C3B58DAE33E}"
EndProject
Project("{FAE04EC0-301F-11D3-BF4B-00C04F79EFBC}") = "Assembly-CSharp-Editor", "Assembly-CSharp-Editor.csproj", "{B2CC5453-11A8-83CE-1087-73C4D1B972B2}"
EndProject
Global
	GlobalSection(SolutionConfigurationPlatforms) = preSolution
		Debug|Any CPU = Debug|Any CPU
		Release|Any CPU = Release|Any CPU
	EndGlobalSection
	GlobalSection(ProjectConfigurationPlatforms) = postSolution
		{E4E70163-31D5-41AC-F53A-6C3B58DAE33E}.Debug|Any CPU.ActiveCfg = Debug|Any CPU
		{E4E70163-31D5-41AC-F53A-6C3B58DAE33E}.Debug|Any CPU.Build.0 = Debug|Any CPU
		{E4E70163-31D5-41AC-F53A-6C3B58DAE33E}.Release|Any CPU.ActiveCfg = Release|Any CPU
		{E4E70163-31D5-41AC-F53A-6C3B58DAE33E}.Release|Any CPU.Build.0 = Release|Any CPU
		{B2CC5453-11A8-83CE-1087-73C4D1B972B2}.Debug|Any CPU.ActiveCfg = Debug|Any CPU
		{B2CC5453-11A8-83CE-1087-73C4D1B972B2}.Debug|Any CPU.Build.0 = Debug|Any CPU
		{B2CC5453-11A8-83CE-1087-73C4D1B972B2}.Release|Any CPU.ActiveCfg = Release|Any CPU
		{B2CC5453-11A8-83CE-1087-73C4D1B972B2}.Release|Any CPU.Build.0 = Release|Any CPU
	EndGlobalSection
	GlobalSection(SolutionProperties) = preSolution
		HideSolutionNode = FALSE
	EndGlobalSection
EndGlobal
